// !$*UTF8*$!
{
	archiveVersion = 1;
	classes = {
	};
	objectVersion = 46;
	objects = {

/* Begin PBXBuildFile section */
		0651E22D1DF70398001199DB /* AppDelegate.swift in Sources */ = {isa = PBXBuildFile; fileRef = 0651E22C1DF70398001199DB /* AppDelegate.swift */; };
		0651E22F1DF70398001199DB /* FirstViewController.swift in Sources */ = {isa = PBXBuildFile; fileRef = 0651E22E1DF70398001199DB /* FirstViewController.swift */; };
		0651E2341DF70398001199DB /* Assets.xcassets in Resources */ = {isa = PBXBuildFile; fileRef = 0651E2331DF70398001199DB /* Assets.xcassets */; };
		0651E2371DF70398001199DB /* LaunchScreen.storyboard in Resources */ = {isa = PBXBuildFile; fileRef = 0651E2351DF70398001199DB /* LaunchScreen.storyboard */; };
		0651E2481DF70433001199DB /* TransitionAnimator.swift in Sources */ = {isa = PBXBuildFile; fileRef = 0651E2441DF70433001199DB /* TransitionAnimator.swift */; };
		0651E2491DF70433001199DB /* TransitionRouter.swift in Sources */ = {isa = PBXBuildFile; fileRef = 0651E2451DF70433001199DB /* TransitionRouter.swift */; };
		0651E24B1DF706C8001199DB /* SlideTransitionAnimator.swift in Sources */ = {isa = PBXBuildFile; fileRef = 0651E24A1DF706C8001199DB /* SlideTransitionAnimator.swift */; };
		0651E24D1DF70776001199DB /* ColorViewController.swift in Sources */ = {isa = PBXBuildFile; fileRef = 0651E24C1DF70776001199DB /* ColorViewController.swift */; };
		06A0F61E1DFC2E14001DB363 /* FadeTransitionAnimator.swift in Sources */ = {isa = PBXBuildFile; fileRef = 06A0F61D1DFC2E14001DB363 /* FadeTransitionAnimator.swift */; };
		06EEF1071E120B1900BCE920 /* AnimationOptions.swift in Sources */ = {isa = PBXBuildFile; fileRef = 06EEF1061E120B1900BCE920 /* AnimationOptions.swift */; };
/* End PBXBuildFile section */

/* Begin PBXFileReference section */
		0651E2291DF70398001199DB /* TransitionRouter.app */ = {isa = PBXFileReference; explicitFileType = wrapper.application; includeInIndex = 0; path = TransitionRouter.app; sourceTree = BUILT_PRODUCTS_DIR; };
		0651E22C1DF70398001199DB /* AppDelegate.swift */ = {isa = PBXFileReference; lastKnownFileType = sourcecode.swift; path = AppDelegate.swift; sourceTree = "<group>"; };
		0651E22E1DF70398001199DB /* FirstViewController.swift */ = {isa = PBXFileReference; lastKnownFileType = sourcecode.swift; path = FirstViewController.swift; sourceTree = "<group>"; };
		0651E2331DF70398001199DB /* Assets.xcassets */ = {isa = PBXFileReference; lastKnownFileType = folder.assetcatalog; path = Assets.xcassets; sourceTree = "<group>"; };
		0651E2361DF70398001199DB /* Base */ = {isa = PBXFileReference; lastKnownFileType = file.storyboard; name = Base; path = Base.lproj/LaunchScreen.storyboard; sourceTree = "<group>"; };
		0651E2381DF70398001199DB /* Info.plist */ = {isa = PBXFileReference; lastKnownFileType = text.plist.xml; path = Info.plist; sourceTree = "<group>"; };
		0651E2441DF70433001199DB /* TransitionAnimator.swift */ = {isa = PBXFileReference; fileEncoding = 4; lastKnownFileType = sourcecode.swift; path = TransitionAnimator.swift; sourceTree = "<group>"; };
		0651E2451DF70433001199DB /* TransitionRouter.swift */ = {isa = PBXFileReference; fileEncoding = 4; lastKnownFileType = sourcecode.swift; path = TransitionRouter.swift; sourceTree = "<group>"; };
		0651E24A1DF706C8001199DB /* SlideTransitionAnimator.swift */ = {isa = PBXFileReference; fileEncoding = 4; lastKnownFileType = sourcecode.swift; path = SlideTransitionAnimator.swift; sourceTree = "<group>"; };
		0651E24C1DF70776001199DB /* ColorViewController.swift */ = {isa = PBXFileReference; fileEncoding = 4; lastKnownFileType = sourcecode.swift; path = ColorViewController.swift; sourceTree = "<group>"; };
		06A0F61D1DFC2E14001DB363 /* FadeTransitionAnimator.swift */ = {isa = PBXFileReference; fileEncoding = 4; lastKnownFileType = sourcecode.swift; path = FadeTransitionAnimator.swift; sourceTree = "<group>"; };
		06EEF1061E120B1900BCE920 /* AnimationOptions.swift */ = {isa = PBXFileReference; fileEncoding = 4; lastKnownFileType = sourcecode.swift; path = AnimationOptions.swift; sourceTree = "<group>"; };
/* End PBXFileReference section */

/* Begin PBXFrameworksBuildPhase section */
		0651E2261DF70397001199DB /* Frameworks */ = {
			isa = PBXFrameworksBuildPhase;
			buildActionMask = 2147483647;
			files = (
			);
			runOnlyForDeploymentPostprocessing = 0;
		};
/* End PBXFrameworksBuildPhase section */

/* Begin PBXGroup section */
		0651E2201DF70397001199DB = {
			isa = PBXGroup;
			children = (
				0651E22B1DF70398001199DB /* TransitionRouter */,
				0651E22A1DF70398001199DB /* Products */,
			);
			sourceTree = "<group>";
		};
		0651E22A1DF70398001199DB /* Products */ = {
			isa = PBXGroup;
			children = (
				0651E2291DF70398001199DB /* TransitionRouter.app */,
			);
			name = Products;
			sourceTree = "<group>";
		};
		0651E22B1DF70398001199DB /* TransitionRouter */ = {
			isa = PBXGroup;
			children = (
				0651E2401DF70433001199DB /* Transition */,
				0651E22C1DF70398001199DB /* AppDelegate.swift */,
				0651E22E1DF70398001199DB /* FirstViewController.swift */,
				0651E24C1DF70776001199DB /* ColorViewController.swift */,
				0651E2331DF70398001199DB /* Assets.xcassets */,
				0651E2351DF70398001199DB /* LaunchScreen.storyboard */,
				0651E2381DF70398001199DB /* Info.plist */,
			);
			path = TransitionRouter;
			sourceTree = "<group>";
		};
		0651E2401DF70433001199DB /* Transition */ = {
			isa = PBXGroup;
			children = (
				0651E2451DF70433001199DB /* TransitionRouter.swift */,
				0651E2411DF70433001199DB /* Animators */,
				06EEF1051E120B1900BCE920 /* AnimationOptions */,
			);
			path = Transition;
			sourceTree = "<group>";
		};
		0651E2411DF70433001199DB /* Animators */ = {
			isa = PBXGroup;
			children = (
				0651E2441DF70433001199DB /* TransitionAnimator.swift */,
				0651E24A1DF706C8001199DB /* SlideTransitionAnimator.swift */,
				06A0F61D1DFC2E14001DB363 /* FadeTransitionAnimator.swift */,
			);
			path = Animators;
			sourceTree = "<group>";
		};
		06EEF1051E120B1900BCE920 /* AnimationOptions */ = {
			isa = PBXGroup;
			children = (
				06EEF1061E120B1900BCE920 /* AnimationOptions.swift */,
			);
			path = AnimationOptions;
			sourceTree = "<group>";
		};
/* End PBXGroup section */

/* Begin PBXNativeTarget section */
		0651E2281DF70397001199DB /* TransitionRouter */ = {
			isa = PBXNativeTarget;
			buildConfigurationList = 0651E23B1DF70398001199DB /* Build configuration list for PBXNativeTarget "TransitionRouter" */;
			buildPhases = (
				0651E2251DF70397001199DB /* Sources */,
				0651E2261DF70397001199DB /* Frameworks */,
				0651E2271DF70397001199DB /* Resources */,
			);
			buildRules = (
			);
			dependencies = (
			);
			name = TransitionRouter;
			productName = TransitionRouter;
			productReference = 0651E2291DF70398001199DB /* TransitionRouter.app */;
			productType = "com.apple.product-type.application";
		};
/* End PBXNativeTarget section */

/* Begin PBXProject section */
		0651E2211DF70397001199DB /* Project object */ = {
			isa = PBXProject;
			attributes = {
				LastSwiftUpdateCheck = 0810;
				LastUpgradeCheck = 0820;
				ORGANIZATIONNAME = "Artem Novichkov";
				TargetAttributes = {
					0651E2281DF70397001199DB = {
						CreatedOnToolsVersion = 8.1;
						ProvisioningStyle = Automatic;
					};
				};
			};
			buildConfigurationList = 0651E2241DF70397001199DB /* Build configuration list for PBXProject "TransitionRouter" */;
			compatibilityVersion = "Xcode 3.2";
			developmentRegion = English;
			hasScannedForEncodings = 0;
			knownRegions = (
				en,
				Base,
			);
			mainGroup = 0651E2201DF70397001199DB;
			productRefGroup = 0651E22A1DF70398001199DB /* Products */;
			projectDirPath = "";
			projectRoot = "";
			targets = (
				0651E2281DF70397001199DB /* TransitionRouter */,
			);
		};
/* End PBXProject section */

/* Begin PBXResourcesBuildPhase section */
		0651E2271DF70397001199DB /* Resources */ = {
			isa = PBXResourcesBuildPhase;
			buildActionMask = 2147483647;
			files = (
				0651E2371DF70398001199DB /* LaunchScreen.storyboard in Resources */,
				0651E2341DF70398001199DB /* Assets.xcassets in Resources */,
			);
			runOnlyForDeploymentPostprocessing = 0;
		};
/* End PBXResourcesBuildPhase section */

/* Begin PBXSourcesBuildPhase section */
		0651E2251DF70397001199DB /* Sources */ = {
			isa = PBXSourcesBuildPhase;
			buildActionMask = 2147483647;
			files = (
				0651E22F1DF70398001199DB /* FirstViewController.swift in Sources */,
				0651E2491DF70433001199DB /* TransitionRouter.swift in Sources */,
				0651E24B1DF706C8001199DB /* SlideTransitionAnimator.swift in Sources */,
				0651E24D1DF70776001199DB /* ColorViewController.swift in Sources */,
				06A0F61E1DFC2E14001DB363 /* FadeTransitionAnimator.swift in Sources */,
				06EEF1071E120B1900BCE920 /* AnimationOptions.swift in Sources */,
				0651E2481DF70433001199DB /* TransitionAnimator.swift in Sources */,
				0651E22D1DF70398001199DB /* AppDelegate.swift in Sources */,
			);
			runOnlyForDeploymentPostprocessing = 0;
		};
/* End PBXSourcesBuildPhase section */

/* Begin PBXVariantGroup section */
		0651E2351DF70398001199DB /* LaunchScreen.storyboard */ = {
			isa = PBXVariantGroup;
			children = (
				0651E2361DF70398001199DB /* Base */,
			);
			name = LaunchScreen.storyboard;
			sourceTree = "<group>";
		};
/* End PBXVariantGroup section */

/* Begin XCBuildConfiguration section */
		0651E2391DF70398001199DB /* Debug */ = {
			isa = XCBuildConfiguration;
			buildSettings = {
				ALWAYS_SEARCH_USER_PATHS = NO;
				CLANG_ANALYZER_NONNULL = YES;
				CLANG_CXX_LANGUAGE_STANDARD = "gnu++0x";
				CLANG_CXX_LIBRARY = "libc++";
				CLANG_ENABLE_MODULES = YES;
				CLANG_ENABLE_OBJC_ARC = YES;
				CLANG_WARN_BOOL_CONVERSION = YES;
				CLANG_WARN_CONSTANT_CONVERSION = YES;
				CLANG_WARN_DIRECT_OBJC_ISA_USAGE = YES_ERROR;
				CLANG_WARN_DOCUMENTATION_COMMENTS = YES;
				CLANG_WARN_EMPTY_BODY = YES;
				CLANG_WARN_ENUM_CONVERSION = YES;
				CLANG_WARN_INFINITE_RECURSION = YES;
				CLANG_WARN_INT_CONVERSION = YES;
				CLANG_WARN_OBJC_ROOT_CLASS = YES_ERROR;
				CLANG_WARN_SUSPICIOUS_MOVE = YES;
				CLANG_WARN_SUSPICIOUS_MOVES = YES;
				CLANG_WARN_UNREACHABLE_CODE = YES;
				CLANG_WARN__DUPLICATE_METHOD_MATCH = YES;
				"CODE_SIGN_IDENTITY[sdk=iphoneos*]" = "iPhone Developer";
				COPY_PHASE_STRIP = NO;
				DEBUG_INFORMATION_FORMAT = dwarf;
				ENABLE_STRICT_OBJC_MSGSEND = YES;
				ENABLE_TESTABILITY = YES;
				GCC_C_LANGUAGE_STANDARD = gnu99;
				GCC_DYNAMIC_NO_PIC = NO;
				GCC_NO_COMMON_BLOCKS = YES;
				GCC_OPTIMIZATION_LEVEL = 0;
				GCC_PREPROCESSOR_DEFINITIONS = (
					"DEBUG=1",
					"$(inherited)",
				);
				GCC_WARN_64_TO_32_BIT_CONVERSION = YES;
				GCC_WARN_ABOUT_RETURN_TYPE = YES_ERROR;
				GCC_WARN_UNDECLARED_SELECTOR = YES;
				GCC_WARN_UNINITIALIZED_AUTOS = YES_AGGRESSIVE;
				GCC_WARN_UNUSED_FUNCTION = YES;
				GCC_WARN_UNUSED_VARIABLE = YES;
				IPHONEOS_DEPLOYMENT_TARGET = 10.1;
				MTL_ENABLE_DEBUG_INFO = YES;
				ONLY_ACTIVE_ARCH = YES;
				SDKROOT = iphoneos;
				SWIFT_ACTIVE_COMPILATION_CONDITIONS = DEBUG;
				SWIFT_OPTIMIZATION_LEVEL = "-Onone";
			};
			name = Debug;
		};
		0651E23A1DF70398001199DB /* Release */ = {
			isa = XCBuildConfiguration;
			buildSettings = {
				ALWAYS_SEARCH_USER_PATHS = NO;
				CLANG_ANALYZER_NONNULL = YES;
				CLANG_CXX_LANGUAGE_STANDARD = "gnu++0x";
				CLANG_CXX_LIBRARY = "libc++";
				CLANG_ENABLE_MODULES = YES;
				CLANG_ENABLE_OBJC_ARC = YES;
				CLANG_WARN_BOOL_CONVERSION = YES;
				CLANG_WARN_CONSTANT_CONVERSION = YES;
				CLANG_WARN_DIRECT_OBJC_ISA_USAGE = YES_ERROR;
				CLANG_WARN_DOCUMENTATION_COMMENTS = YES;
				CLANG_WARN_EMPTY_BODY = YES;
				CLANG_WARN_ENUM_CONVERSION = YES;
				CLANG_WARN_INFINITE_RECURSION = YES;
				CLANG_WARN_INT_CONVERSION = YES;
				CLANG_WARN_OBJC_ROOT_CLASS = YES_ERROR;
				CLANG_WARN_SUSPICIOUS_MOVE = YES;
				CLANG_WARN_SUSPICIOUS_MOVES = YES;
				CLANG_WARN_UNREACHABLE_CODE = YES;
				CLANG_WARN__DUPLICATE_METHOD_MATCH = YES;
				"CODE_SIGN_IDENTITY[sdk=iphoneos*]" = "iPhone Developer";
				COPY_PHASE_STRIP = NO;
				DEBUG_INFORMATION_FORMAT = "dwarf-with-dsym";
				ENABLE_NS_ASSERTIONS = NO;
				ENABLE_STRICT_OBJC_MSGSEND = YES;
				GCC_C_LANGUAGE_STANDARD = gnu99;
				GCC_NO_COMMON_BLOCKS = YES;
				GCC_WARN_64_TO_32_BIT_CONVERSION = YES;
				GCC_WARN_ABOUT_RETURN_TYPE = YES_ERROR;
				GCC_WARN_UNDECLARED_SELECTOR = YES;
				GCC_WARN_UNINITIALIZED_AUTOS = YES_AGGRESSIVE;
				GCC_WARN_UNUSED_FUNCTION = YES;
				GCC_WARN_UNUSED_VARIABLE = YES;
				IPHONEOS_DEPLOYMENT_TARGET = 10.1;
				MTL_ENABLE_DEBUG_INFO = NO;
				SDKROOT = iphoneos;
				SWIFT_OPTIMIZATION_LEVEL = "-Owholemodule";
				VALIDATE_PRODUCT = YES;
			};
			name = Release;
		};
		0651E23C1DF70398001199DB /* Debug */ = {
			isa = XCBuildConfiguration;
			buildSettings = {
				ASSETCATALOG_COMPILER_APPICON_NAME = AppIcon;
				INFOPLIST_FILE = TransitionRouter/Info.plist;
				IPHONEOS_DEPLOYMENT_TARGET = 9.0;
				LD_RUNPATH_SEARCH_PATHS = "$(inherited) @executable_path/Frameworks";
				PRODUCT_BUNDLE_IDENTIFIER = com.artemnovichkov.TransitionRouter;
				PRODUCT_NAME = "$(TARGET_NAME)";
				SWIFT_VERSION = 3.0;
			};
			name = Debug;
		};
		0651E23D1DF70398001199DB /* Release */ = {
			isa = XCBuildConfiguration;
			buildSettings = {
				ASSETCATALOG_COMPILER_APPICON_NAME = AppIcon;
				INFOPLIST_FILE = TransitionRouter/Info.plist;
				IPHONEOS_DEPLOYMENT_TARGET = 9.0;
				LD_RUNPATH_SEARCH_PATHS = "$(inherited) @executable_path/Frameworks";
				PRODUCT_BUNDLE_IDENTIFIER = com.artemnovichkov.TransitionRouter;
				PRODUCT_NAME = "$(TARGET_NAME)";
				SWIFT_VERSION = 3.0;
			};
			name = Release;
		};
/* End XCBuildConfiguration section */

/* Begin XCConfigurationList section */
		0651E2241DF70397001199DB /* Build configuration list for PBXProject "TransitionRouter" */ = {
			isa = XCConfigurationList;
			buildConfigurations = (
				0651E2391DF70398001199DB /* Debug */,
				0651E23A1DF70398001199DB /* Release */,
			);
			defaultConfigurationIsVisible = 0;
			defaultConfigurationName = Release;
		};
		0651E23B1DF70398001199DB /* Build configuration list for PBXNativeTarget "TransitionRouter" */ = {
			isa = XCConfigurationList;
			buildConfigurations = (
				0651E23C1DF70398001199DB /* Debug */,
				0651E23D1DF70398001199DB /* Release */,
			);
			defaultConfigurationIsVisible = 0;
			defaultConfigurationName = Release;
		};
/* End XCConfigurationList section */
	};
	rootObject = 0651E2211DF70397001199DB /* Project object */;
}
